
Microsoft Visual Studio Solution File, Format Version 12.00
# Visual Studio Version 17
VisualStudioVersion = 17.14.36429.23
MinimumVisualStudioVersion = 10.0.40219.1
Project("{2150E333-8FDC-42A3-9474-1A3956D46DE8}") = "Task0", "Task0", "{02EA681E-C7D8-13C7-8484-4AC65E1B71E8}"
EndProject
Project("{FAE04EC0-301F-11D3-BF4B-00C04F79EFBC}") = "Tyuiu.PlatonovMV.Sprint0.Task0.V0", "Tyuiu.PlatonovMV.Sprint0.Task0.V0\Tyuiu.PlatonovMV.Sprint0.Task0.V0.csproj", "{C6954B21-F882-49FA-9D4D-51E7A1547C1C}"
EndProject
Project("{2150E333-8FDC-42A3-9474-1A3956D46DE8}") = "Task1", "Task1", "{61F581B5-EF06-4DCC-B097-BD9B57D7FC6A}"
EndProject
Project("{FAE04EC0-301F-11D3-BF4B-00C04F79EFBC}") = "Tyuiu.PlatonovMV.Sprint0.Task1.V0", "Tyuiu.PlatonovMV.Sprint0.Task1.V0\Tyuiu.PlatonovMV.Sprint0.Task1.V0.csproj", "{583346EE-351B-4EE5-8E3A-CC34C8484143}"
EndProject
Project("{2150E333-8FDC-42A3-9474-1A3956D46DE8}") = "Task2", "Task2", "{150A39CC-3739-44D5-8742-FF62DC0189CC}"
EndProject
Project("{FAE04EC0-301F-11D3-BF4B-00C04F79EFBC}") = "Tyuiu.PlatonovMV.Sprint0.Task2.V0", "Tyuiu.PlatonovMV.Sprint0.Task2.V0\Tyuiu.PlatonovMV.Sprint0.Task2.V0.csproj", "{6065E3C2-2269-4E62-B4BA-33045924F4A3}"
EndProject
Project("{FAE04EC0-301F-11D3-BF4B-00C04F79EFBC}") = "Tyuiu.PlatonovMV.Sprint0.Task2.V0.Lib", "Tyuiu.PlatonovMV.Sprint0.Task2.V0.Lib\Tyuiu.PlatonovMV.Sprint0.Task2.V0.Lib.csproj", "{D247107D-5271-4747-921A-569720099322}"
EndProject
Project("{FAE04EC0-301F-11D3-BF4B-00C04F79EFBC}") = "Tyuiu.PlatonovMV.Sprint0.Task2.V0.Test", "Tyuiu.PlatonovMV.Sprint0.Task2.V0.Test\Tyuiu.PlatonovMV.Sprint0.Task2.V0.Test.csproj", "{68E93137-4F75-4617-9C2D-23C4C075F800}"
EndProject
Project("{2150E333-8FDC-42A3-9474-1A3956D46DE8}") = "Task3", "Task3", "{9891CC31-DE15-4A39-8D63-D6B253B5D43D}"
EndProject
Project("{FAE04EC0-301F-11D3-BF4B-00C04F79EFBC}") = "Tyuiu.PlatonovMV.Sprint0.Task3.V0", "Tyuiu.PlatonovMV.Sprint0.Task3.V0\Tyuiu.PlatonovMV.Sprint0.Task3.V0.csproj", "{01E61622-51F4-48F4-8BF3-F814DE1EF22A}"
EndProject
Project("{FAE04EC0-301F-11D3-BF4B-00C04F79EFBC}") = "Tyuiu.PlatonovMV.Sprint0.Task3.V0.Lib", "Tyuiu.PlatonovMV.Sprint0.Task3.V0.Lib\Tyuiu.PlatonovMV.Sprint0.Task3.V0.Lib.csproj", "{59C4DA8C-D786-4401-B0F9-C29A69A8595F}"
EndProject
Project("{FAE04EC0-301F-11D3-BF4B-00C04F79EFBC}") = "Tyuiu.PlatonovMV.Sprint0.Task3.V0.Test", "Tyuiu.PlatonovMV.Sprint0.Task3.V0.Test\Tyuiu.PlatonovMV.Sprint0.Task3.V0.Test.csproj", "{6190ADFA-BF90-4AEF-BB48-5B88F777490D}"
EndProject
Project("{2150E333-8FDC-42A3-9474-1A3956D46DE8}") = "Task4", "Task4", "{D926889E-7437-44AD-9BB5-C89A1557A96E}"
EndProject
Project("{FAE04EC0-301F-11D3-BF4B-00C04F79EFBC}") = "Tyuiu.PlatonovMV.Sprint0.Task4.V0.Test", "Tyuiu.PlatonovMV.Sprint0.Task4.V0.Test\Tyuiu.PlatonovMV.Sprint0.Task4.V0.Test.csproj", "{2CA9BDD7-0AD8-43DA-81B2-BA13854C1C3C}"
EndProject
Project("{FAE04EC0-301F-11D3-BF4B-00C04F79EFBC}") = "Tyuiu.PlatonovMV.Sprint0.Task4.V0.Lib", "Tyuiu.PlatonovMV.Sprint0.Task4.V0.Lib\Tyuiu.PlatonovMV.Sprint0.Task4.V0.Lib.csproj", "{F130B299-4571-4FDE-AEF3-404818153753}"
EndProject
Project("{FAE04EC0-301F-11D3-BF4B-00C04F79EFBC}") = "Tyuiu.PlatonovMV.Sprint0.Task4.V0", "Tyuiu.PlatonovMV.Sprint0.Task4.V0\Tyuiu.PlatonovMV.Sprint0.Task4.V0.csproj", "{6854AEE3-5FB1-4F16-9E85-7B96964B2F5F}"
EndProject
Project("{2150E333-8FDC-42A3-9474-1A3956D46DE8}") = "Task5", "Task5", "{B9F2EF28-74E6-4169-9248-47FED9F62B20}"
EndProject
Project("{FAE04EC0-301F-11D3-BF4B-00C04F79EFBC}") = "Tyuiu.PlatonovMV.Sprint0.Task5.V0", "Tyuiu.PlatonovMV.Sprint0.Task5.V0\Tyuiu.PlatonovMV.Sprint0.Task5.V0.csproj", "{CADE4797-9505-4580-A9D7-25E8B17B5011}"
EndProject
Project("{FAE04EC0-301F-11D3-BF4B-00C04F79EFBC}") = "Tyuiu.PlatonovMV.Sprint0.Task5.V0.Lib", "Tyuiu.PlatonovMV.Sprint0.Task5.V0.Lib\Tyuiu.PlatonovMV.Sprint0.Task5.V0.Lib.csproj", "{3C63BDED-9F76-4C62-B803-A454C944FA2A}"
EndProject
Project("{FAE04EC0-301F-11D3-BF4B-00C04F79EFBC}") = "Tyuiu.PlatonovMV.Sprint0.Task5.V0.Test", "Tyuiu.PlatonovMV.Sprint0.Task5.V0.Test\Tyuiu.PlatonovMV.Sprint0.Task5.V0.Test.csproj", "{703729FF-973C-411B-AE27-F10D525E29C0}"
EndProject
Global
	GlobalSection(SolutionConfigurationPlatforms) = preSolution
		Debug|Any CPU = Debug|Any CPU
		Release|Any CPU = Release|Any CPU
	EndGlobalSection
	GlobalSection(ProjectConfigurationPlatforms) = postSolution
		{C6954B21-F882-49FA-9D4D-51E7A1547C1C}.Debug|Any CPU.ActiveCfg = Debug|Any CPU
		{C6954B21-F882-49FA-9D4D-51E7A1547C1C}.Debug|Any CPU.Build.0 = Debug|Any CPU
		{C6954B21-F882-49FA-9D4D-51E7A1547C1C}.Release|Any CPU.ActiveCfg = Release|Any CPU
		{C6954B21-F882-49FA-9D4D-51E7A1547C1C}.Release|Any CPU.Build.0 = Release|Any CPU
		{583346EE-351B-4EE5-8E3A-CC34C8484143}.Debug|Any CPU.ActiveCfg = Debug|Any CPU
		{583346EE-351B-4EE5-8E3A-CC34C8484143}.Debug|Any CPU.Build.0 = Debug|Any CPU
		{583346EE-351B-4EE5-8E3A-CC34C8484143}.Release|Any CPU.ActiveCfg = Release|Any CPU
		{583346EE-351B-4EE5-8E3A-CC34C8484143}.Release|Any CPU.Build.0 = Release|Any CPU
		{6065E3C2-2269-4E62-B4BA-33045924F4A3}.Debug|Any CPU.ActiveCfg = Debug|Any CPU
		{6065E3C2-2269-4E62-B4BA-33045924F4A3}.Debug|Any CPU.Build.0 = Debug|Any CPU
		{6065E3C2-2269-4E62-B4BA-33045924F4A3}.Release|Any CPU.ActiveCfg = Release|Any CPU
		{6065E3C2-2269-4E62-B4BA-33045924F4A3}.Release|Any CPU.Build.0 = Release|Any CPU
		{D247107D-5271-4747-921A-569720099322}.Debug|Any CPU.ActiveCfg = Debug|Any CPU
		{D247107D-5271-4747-921A-569720099322}.Debug|Any CPU.Build.0 = Debug|Any CPU
		{D247107D-5271-4747-921A-569720099322}.Release|Any CPU.ActiveCfg = Release|Any CPU
		{D247107D-5271-4747-921A-569720099322}.Release|Any CPU.Build.0 = Release|Any CPU
		{68E93137-4F75-4617-9C2D-23C4C075F800}.Debug|Any CPU.ActiveCfg = Debug|Any CPU
		{68E93137-4F75-4617-9C2D-23C4C075F800}.Debug|Any CPU.Build.0 = Debug|Any CPU
		{68E93137-4F75-4617-9C2D-23C4C075F800}.Release|Any CPU.ActiveCfg = Release|Any CPU
		{68E93137-4F75-4617-9C2D-23C4C075F800}.Release|Any CPU.Build.0 = Release|Any CPU
		{01E61622-51F4-48F4-8BF3-F814DE1EF22A}.Debug|Any CPU.ActiveCfg = Debug|Any CPU
		{01E61622-51F4-48F4-8BF3-F814DE1EF22A}.Debug|Any CPU.Build.0 = Debug|Any CPU
		{01E61622-51F4-48F4-8BF3-F814DE1EF22A}.Release|Any CPU.ActiveCfg = Release|Any CPU
		{01E61622-51F4-48F4-8BF3-F814DE1EF22A}.Release|Any CPU.Build.0 = Release|Any CPU
		{59C4DA8C-D786-4401-B0F9-C29A69A8595F}.Debug|Any CPU.ActiveCfg = Debug|Any CPU
		{59C4DA8C-D786-4401-B0F9-C29A69A8595F}.Debug|Any CPU.Build.0 = Debug|Any CPU
		{59C4DA8C-D786-4401-B0F9-C29A69A8595F}.Release|Any CPU.ActiveCfg = Release|Any CPU
		{59C4DA8C-D786-4401-B0F9-C29A69A8595F}.Release|Any CPU.Build.0 = Release|Any CPU
		{6190ADFA-BF90-4AEF-BB48-5B88F777490D}.Debug|Any CPU.ActiveCfg = Debug|Any CPU
		{6190ADFA-BF90-4AEF-BB48-5B88F777490D}.Debug|Any CPU.Build.0 = Debug|Any CPU
		{6190ADFA-BF90-4AEF-BB48-5B88F777490D}.Release|Any CPU.ActiveCfg = Release|Any CPU
		{6190ADFA-BF90-4AEF-BB48-5B88F777490D}.Release|Any CPU.Build.0 = Release|Any CPU
		{2CA9BDD7-0AD8-43DA-81B2-BA13854C1C3C}.Debug|Any CPU.ActiveCfg = Debug|Any CPU
		{2CA9BDD7-0AD8-43DA-81B2-BA13854C1C3C}.Debug|Any CPU.Build.0 = Debug|Any CPU
		{2CA9BDD7-0AD8-43DA-81B2-BA13854C1C3C}.Release|Any CPU.ActiveCfg = Release|Any CPU
		{2CA9BDD7-0AD8-43DA-81B2-BA13854C1C3C}.Release|Any CPU.Build.0 = Release|Any CPU
		{F130B299-4571-4FDE-AEF3-404818153753}.Debug|Any CPU.ActiveCfg = Debug|Any CPU
		{F130B299-4571-4FDE-AEF3-404818153753}.Debug|Any CPU.Build.0 = Debug|Any CPU
		{F130B299-4571-4FDE-AEF3-404818153753}.Release|Any CPU.ActiveCfg = Release|Any CPU
		{F130B299-4571-4FDE-AEF3-404818153753}.Release|Any CPU.Build.0 = Release|Any CPU
		{6854AEE3-5FB1-4F16-9E85-7B96964B2F5F}.Debug|Any CPU.ActiveCfg = Debug|Any CPU
		{6854AEE3-5FB1-4F16-9E85-7B96964B2F5F}.Debug|Any CPU.Build.0 = Debug|Any CPU
		{6854AEE3-5FB1-4F16-9E85-7B96964B2F5F}.Release|Any CPU.ActiveCfg = Release|Any CPU
		{6854AEE3-5FB1-4F16-9E85-7B96964B2F5F}.Release|Any CPU.Build.0 = Release|Any CPU
		{CADE4797-9505-4580-A9D7-25E8B17B5011}.Debug|Any CPU.ActiveCfg = Debug|Any CPU
		{CADE4797-9505-4580-A9D7-25E8B17B5011}.Debug|Any CPU.Build.0 = Debug|Any CPU
		{CADE4797-9505-4580-A9D7-25E8B17B5011}.Release|Any CPU.ActiveCfg = Release|Any CPU
		{CADE4797-9505-4580-A9D7-25E8B17B5011}.Release|Any CPU.Build.0 = Release|Any CPU
		{3C63BDED-9F76-4C62-B803-A454C944FA2A}.Debug|Any CPU.ActiveCfg = Debug|Any CPU
		{3C63BDED-9F76-4C62-B803-A454C944FA2A}.Debug|Any CPU.Build.0 = Debug|Any CPU
		{3C63BDED-9F76-4C62-B803-A454C944FA2A}.Release|Any CPU.ActiveCfg = Release|Any CPU
		{3C63BDED-9F76-4C62-B803-A454C944FA2A}.Release|Any CPU.Build.0 = Release|Any CPU
		{703729FF-973C-411B-AE27-F10D525E29C0}.Debug|Any CPU.ActiveCfg = Debug|Any CPU
		{703729FF-973C-411B-AE27-F10D525E29C0}.Debug|Any CPU.Build.0 = Debug|Any CPU
		{703729FF-973C-411B-AE27-F10D525E29C0}.Release|Any CPU.ActiveCfg = Release|Any CPU
		{703729FF-973C-411B-AE27-F10D525E29C0}.Release|Any CPU.Build.0 = Release|Any CPU
	EndGlobalSection
	GlobalSection(SolutionProperties) = preSolution
		HideSolutionNode = FALSE
	EndGlobalSection
	GlobalSection(NestedProjects) = preSolution
		{C6954B21-F882-49FA-9D4D-51E7A1547C1C} = {02EA681E-C7D8-13C7-8484-4AC65E1B71E8}
		{583346EE-351B-4EE5-8E3A-CC34C8484143} = {61F581B5-EF06-4DCC-B097-BD9B57D7FC6A}
		{6065E3C2-2269-4E62-B4BA-33045924F4A3} = {150A39CC-3739-44D5-8742-FF62DC0189CC}
		{D247107D-5271-4747-921A-569720099322} = {150A39CC-3739-44D5-8742-FF62DC0189CC}
		{68E93137-4F75-4617-9C2D-23C4C075F800} = {150A39CC-3739-44D5-8742-FF62DC0189CC}
		{01E61622-51F4-48F4-8BF3-F814DE1EF22A} = {9891CC31-DE15-4A39-8D63-D6B253B5D43D}
		{59C4DA8C-D786-4401-B0F9-C29A69A8595F} = {9891CC31-DE15-4A39-8D63-D6B253B5D43D}
		{6190ADFA-BF90-4AEF-BB48-5B88F777490D} = {9891CC31-DE15-4A39-8D63-D6B253B5D43D}
		{2CA9BDD7-0AD8-43DA-81B2-BA13854C1C3C} = {D926889E-7437-44AD-9BB5-C89A1557A96E}
		{F130B299-4571-4FDE-AEF3-404818153753} = {D926889E-7437-44AD-9BB5-C89A1557A96E}
		{6854AEE3-5FB1-4F16-9E85-7B96964B2F5F} = {D926889E-7437-44AD-9BB5-C89A1557A96E}
		{CADE4797-9505-4580-A9D7-25E8B17B5011} = {B9F2EF28-74E6-4169-9248-47FED9F62B20}
		{3C63BDED-9F76-4C62-B803-A454C944FA2A} = {B9F2EF28-74E6-4169-9248-47FED9F62B20}
		{703729FF-973C-411B-AE27-F10D525E29C0} = {B9F2EF28-74E6-4169-9248-47FED9F62B20}
	EndGlobalSection
	GlobalSection(ExtensibilityGlobals) = postSolution
		SolutionGuid = {483120BD-C0E0-4A5E-AE17-1037AE9A3BAA}
	EndGlobalSection
EndGlobal
